
Microsoft Visual Studio Solution File, Format Version 12.00
# Visual Studio Version 17
VisualStudioVersion = 17.9.34728.123
MinimumVisualStudioVersion = 10.0.40219.1
Project("{FAE04EC0-301F-11D3-BF4B-00C04F79EFBC}") = "ArrayReinterpreter", "ArrayReinterpreter.csproj", "{00F250AE-28F1-469A-B289-D5205CB1CD1F}"
EndProject
Global
	GlobalSection(SolutionConfigurationPlatforms) = preSolution
		Debug|Any CPU = Debug|Any CPU
		Release|Any CPU = Release|Any CPU
	EndGlobalSection
	GlobalSection(ProjectConfigurationPlatforms) = postSolution
		{00F250AE-28F1-469A-B289-D5205CB1CD1F}.Debug|Any CPU.ActiveCfg = Debug|Any CPU
		{00F250AE-28F1-469A-B289-D5205CB1CD1F}.Debug|Any CPU.Build.0 = Debug|Any CPU
		{00F250AE-28F1-469A-B289-D5205CB1CD1F}.Release|Any CPU.ActiveCfg = Release|Any CPU
		{00F250AE-28F1-469A-B289-D5205CB1CD1F}.Release|Any CPU.Build.0 = Release|Any CPU
	EndGlobalSection
	GlobalSection(SolutionProperties) = preSolution
		HideSolutionNode = FALSE
	EndGlobalSection
	GlobalSection(ExtensibilityGlobals) = postSolution
		SolutionGuid = {68456E6F-8354-46CC-9D8B-30F6CEFEEDB5}
	EndGlobalSection
EndGlobal
